lockfile_version: '1'
generated_at: '2026-05-16T22:14:12.823851+00:00'
apm_version: 0.13.0
dependencies:
- repo_url: dahatake/skills
  host: github.com
  resolved_commit: efa4223f731c45558b8384298e8c62a344b5a72d
  package_type: marketplace_plugin
  deployed_files:
  - .claude/skills/markdown-query
  content_hash: sha256:763b626048d9ba8b4f518493defcf1c5b7d014d06d2070fc220adbb3fc11fdac
